
Microsoft Visual Studio Solution File, Format Version 12.00
# Visual Studio Version 17
VisualStudioVersion = 17.5.33414.496
MinimumVisualStudioVersion = 10.0.40219.1
Project("{FAE04EC0-301F-11D3-BF4B-00C04F79EFBC}") = "CartonScanApp", "CartonScanApp.csproj", "{DA3C0F0A-FA32-485D-8179-CDC8CD4DFF04}"
EndProject
Global
	GlobalSection(SolutionConfigurationPlatforms) = preSolution
		Debug|Any CPU = Debug|Any CPU
		Release|Any CPU = Release|Any CPU
	EndGlobalSection
	GlobalSection(ProjectConfigurationPlatforms) = postSolution
		{DA3C0F0A-FA32-485D-8179-CDC8CD4DFF04}.Debug|Any CPU.ActiveCfg = Debug|Any CPU
		{DA3C0F0A-FA32-485D-8179-CDC8CD4DFF04}.Debug|Any CPU.Build.0 = Debug|Any CPU
		{DA3C0F0A-FA32-485D-8179-CDC8CD4DFF04}.Release|Any CPU.ActiveCfg = Release|Any CPU
		{DA3C0F0A-FA32-485D-8179-CDC8CD4DFF04}.Release|Any CPU.Build.0 = Release|Any CPU
	EndGlobalSection
	GlobalSection(SolutionProperties) = preSolution
		HideSolutionNode = FALSE
	EndGlobalSection
	GlobalSection(ExtensibilityGlobals) = postSolution
		SolutionGuid = {13C06CE5-56C7-47BC-93EF-CE5CE8B30452}
	EndGlobalSection
EndGlobal
